
Microsoft Visual Studio Solution File, Format Version 12.00
Project("{FAE04EC0-301F-11D3-BF4B-00C04F79EFBC}") = "GetSongBpm.Net", "GetSongBpm.Net\GetSongBpm.Net.csproj", "{778058B0-0695-4BAD-A8F8-13229252CE1B}"
EndProject
Project("{FAE04EC0-301F-11D3-BF4B-00C04F79EFBC}") = "GetSongBpm.Net.Tests", "GetSongBpm.Net.Tests\GetSongBpm.Net.Tests.csproj", "{20832F58-AFA2-42E5-B36C-8E3463D6040E}"
EndProject
Global
	GlobalSection(SolutionConfigurationPlatforms) = preSolution
		Debug|Any CPU = Debug|Any CPU
		Release|Any CPU = Release|Any CPU
	EndGlobalSection
	GlobalSection(ProjectConfigurationPlatforms) = postSolution
		{778058B0-0695-4BAD-A8F8-13229252CE1B}.Debug|Any CPU.ActiveCfg = Debug|Any CPU
		{778058B0-0695-4BAD-A8F8-13229252CE1B}.Debug|Any CPU.Build.0 = Debug|Any CPU
		{778058B0-0695-4BAD-A8F8-13229252CE1B}.Release|Any CPU.ActiveCfg = Release|Any CPU
		{778058B0-0695-4BAD-A8F8-13229252CE1B}.Release|Any CPU.Build.0 = Release|Any CPU
		{20832F58-AFA2-42E5-B36C-8E3463D6040E}.Debug|Any CPU.ActiveCfg = Debug|Any CPU
		{20832F58-AFA2-42E5-B36C-8E3463D6040E}.Debug|Any CPU.Build.0 = Debug|Any CPU
		{20832F58-AFA2-42E5-B36C-8E3463D6040E}.Release|Any CPU.ActiveCfg = Release|Any CPU
		{20832F58-AFA2-42E5-B36C-8E3463D6040E}.Release|Any CPU.Build.0 = Release|Any CPU
	EndGlobalSection
EndGlobal
